
Microsoft Visual Studio Solution File, Format Version 12.00
# Visual Studio 2012
Project("{FAE04EC0-301F-11D3-BF4B-00C04F79EFBC}") = "blogs", "blogs\blogs.csproj", "{64D9BF28-ACEB-416B-8994-44D3ACFDB72A}"
EndProject
Project("{FAE04EC0-301F-11D3-BF4B-00C04F79EFBC}") = "blogs_mysql", "blogs_mysql\blogs_mysql.csproj", "{48F6258F-8D2B-44B2-A17E-4E5BF1A795D3}"
EndProject
Global
	GlobalSection(SolutionConfigurationPlatforms) = preSolution
		Debug|Any CPU = Debug|Any CPU
		Release|Any CPU = Release|Any CPU
	EndGlobalSection
	GlobalSection(ProjectConfigurationPlatforms) = postSolution
		{64D9BF28-ACEB-416B-8994-44D3ACFDB72A}.Debug|Any CPU.ActiveCfg = Debug|Any CPU
		{64D9BF28-ACEB-416B-8994-44D3ACFDB72A}.Debug|Any CPU.Build.0 = Debug|Any CPU
		{64D9BF28-ACEB-416B-8994-44D3ACFDB72A}.Release|Any CPU.ActiveCfg = Release|Any CPU
		{64D9BF28-ACEB-416B-8994-44D3ACFDB72A}.Release|Any CPU.Build.0 = Release|Any CPU
		{48F6258F-8D2B-44B2-A17E-4E5BF1A795D3}.Debug|Any CPU.ActiveCfg = Debug|Any CPU
		{48F6258F-8D2B-44B2-A17E-4E5BF1A795D3}.Debug|Any CPU.Build.0 = Debug|Any CPU
		{48F6258F-8D2B-44B2-A17E-4E5BF1A795D3}.Release|Any CPU.ActiveCfg = Release|Any CPU
		{48F6258F-8D2B-44B2-A17E-4E5BF1A795D3}.Release|Any CPU.Build.0 = Release|Any CPU
	EndGlobalSection
EndGlobal
